
Microsoft Visual Studio Solution File, Format Version 12.00
# Visual Studio Version 17
VisualStudioVersion = 17.7.34202.233
MinimumVisualStudioVersion = 10.0.40219.1
Project("{FAE04EC0-301F-11D3-BF4B-00C04F79EFBC}") = "dungeon", "dungeon\dungeon.csproj", "{A27C5602-C711-4C6F-B85D-1D29DC4F3EFE}"
EndProject
Global
	GlobalSection(SolutionConfigurationPlatforms) = preSolution
		Debug|Any CPU = Debug|Any CPU
		Release|Any CPU = Release|Any CPU
	EndGlobalSection
	GlobalSection(ProjectConfigurationPlatforms) = postSolution
		{A27C5602-C711-4C6F-B85D-1D29DC4F3EFE}.Debug|Any CPU.ActiveCfg = Debug|Any CPU
		{A27C5602-C711-4C6F-B85D-1D29DC4F3EFE}.Debug|Any CPU.Build.0 = Debug|Any CPU
		{A27C5602-C711-4C6F-B85D-1D29DC4F3EFE}.Release|Any CPU.ActiveCfg = Release|Any CPU
		{A27C5602-C711-4C6F-B85D-1D29DC4F3EFE}.Release|Any CPU.Build.0 = Release|Any CPU
	EndGlobalSection
	GlobalSection(SolutionProperties) = preSolution
		HideSolutionNode = FALSE
	EndGlobalSection
	GlobalSection(ExtensibilityGlobals) = postSolution
		SolutionGuid = {D9AA47DB-0E76-4431-A43C-FFD1CF6F96F3}
	EndGlobalSection
EndGlobal
